PODS:
  - ObjectMapper (2.2.6)
  - TMDBSwift (0.3.0)

DEPENDENCIES:
  - ObjectMapper
  - TMDBSwift

SPEC CHECKSUMS:
  ObjectMapper: 042708195cc46c20871cbcbec0453826398273fd
  TMDBSwift: 47fe9253d0b9bbad8120a6378da2162c8d428bab

PODFILE CHECKSUM: 08c9da4969e221f9847c31bdeed92327918b9082

COCOAPODS: 1.2.1
